// !$*UTF8*$!
{
	archiveVersion = 1;
	classes = {
	};
	objectVersion = 50;
	objects = {

/* Begin PBXBuildFile section */
		5EE49F0A0B9785C73914BAE8 /* Pods_Todoey.framework in Frameworks */ = {isa = PBXBuildFile; fileRef = 17966F1D9233593C649DA56A /* Pods_Todoey.framework */; };
		FA4E781822CB1F1400BD3D3B /* AppDelegate.swift in Sources */ = {isa = PBXBuildFile; fileRef = FA4E781722CB1F1400BD3D3B /* AppDelegate.swift */; };
		FA4E781A22CB1F1400BD3D3B /* ToDoeyTableViewController.swift in Sources */ = {isa = PBXBuildFile; fileRef = FA4E781922CB1F1400BD3D3B /* ToDoeyTableViewController.swift */; };
		FA4E781D22CB1F1400BD3D3B /* Main.storyboard in Resources */ = {isa = PBXBuildFile; fileRef = FA4E781B22CB1F1400BD3D3B /* Main.storyboard */; };
		FA4E781F22CB1F1600BD3D3B /* Assets.xcassets in Resources */ = {isa = PBXBuildFile; fileRef = FA4E781E22CB1F1600BD3D3B /* Assets.xcassets */; };
		FA4E782222CB1F1600BD3D3B /* LaunchScreen.storyboard in Resources */ = {isa = PBXBuildFile; fileRef = FA4E782022CB1F1600BD3D3B /* LaunchScreen.storyboard */; };
		FA4E785622D82AFB00BD3D3B /* CategoryTableViewController.swift in Sources */ = {isa = PBXBuildFile; fileRef = FA4E785522D82AFB00BD3D3B /* CategoryTableViewController.swift */; };
		FA4E785A22DDAB2900BD3D3B /* Item.swift in Sources */ = {isa = PBXBuildFile; fileRef = FA4E785922DDAB2900BD3D3B /* Item.swift */; };
		FA4E785C22DDAB3B00BD3D3B /* Category.swift in Sources */ = {isa = PBXBuildFile; fileRef = FA4E785B22DDAB3B00BD3D3B /* Category.swift */; };
/* End PBXBuildFile section */

/* Begin PBXFileReference section */
		17966F1D9233593C649DA56A /* Pods_Todoey.framework */ = {isa = PBXFileReference; explicitFileType = wrapper.framework; includeInIndex = 0; path = Pods_Todoey.framework; sourceTree = BUILT_PRODUCTS_DIR; };
		224BBCAD8AE16586F01ADF1F /* Pods-Todoey.debug.xcconfig */ = {isa = PBXFileReference; includeInIndex = 1; lastKnownFileType = text.xcconfig; name = "Pods-Todoey.debug.xcconfig"; path = "Target Support Files/Pods-Todoey/Pods-Todoey.debug.xcconfig"; sourceTree = "<group>"; };
		814133C0FBA9AA2D6B71BF2E /* Pods-Todoey.release.xcconfig */ = {isa = PBXFileReference; includeInIndex = 1; lastKnownFileType = text.xcconfig; name = "Pods-Todoey.release.xcconfig"; path = "Target Support Files/Pods-Todoey/Pods-Todoey.release.xcconfig"; sourceTree = "<group>"; };
		FA4E781422CB1F1400BD3D3B /* Todoey.app */ = {isa = PBXFileReference; explicitFileType = wrapper.application; includeInIndex = 0; path = Todoey.app; sourceTree = BUILT_PRODUCTS_DIR; };
		FA4E781722CB1F1400BD3D3B /* AppDelegate.swift */ = {isa = PBXFileReference; lastKnownFileType = sourcecode.swift; path = AppDelegate.swift; sourceTree = "<group>"; };
		FA4E781922CB1F1400BD3D3B /* ToDoeyTableViewController.swift */ = {isa = PBXFileReference; lastKnownFileType = sourcecode.swift; path = ToDoeyTableViewController.swift; sourceTree = "<group>"; };
		FA4E781C22CB1F1400BD3D3B /* Base */ = {isa = PBXFileReference; lastKnownFileType = file.storyboard; name = Base; path = Base.lproj/Main.storyboard; sourceTree = "<group>"; };
		FA4E781E22CB1F1600BD3D3B /* Assets.xcassets */ = {isa = PBXFileReference; lastKnownFileType = folder.assetcatalog; path = Assets.xcassets; sourceTree = "<group>"; };
		FA4E782122CB1F1600BD3D3B /* Base */ = {isa = PBXFileReference; lastKnownFileType = file.storyboard; name = Base; path = Base.lproj/LaunchScreen.storyboard; sourceTree = "<group>"; };
		FA4E782322CB1F1600BD3D3B /* Info.plist */ = {isa = PBXFileReference; lastKnownFileType = text.plist.xml; path = Info.plist; sourceTree = "<group>"; };
		FA4E785522D82AFB00BD3D3B /* CategoryTableViewController.swift */ = {isa = PBXFileReference; lastKnownFileType = sourcecode.swift; path = CategoryTableViewController.swift; sourceTree = "<group>"; };
		FA4E785922DDAB2900BD3D3B /* Item.swift */ = {isa = PBXFileReference; lastKnownFileType = sourcecode.swift; path = Item.swift; sourceTree = "<group>"; };
		FA4E785B22DDAB3B00BD3D3B /* Category.swift */ = {isa = PBXFileReference; lastKnownFileType = sourcecode.swift; path = Category.swift; sourceTree = "<group>"; };
/* End PBXFileReference section */

/* Begin PBXFrameworksBuildPhase section */
		FA4E781122CB1F1400BD3D3B /* Frameworks */ = {
			isa = PBXFrameworksBuildPhase;
			buildActionMask = 2147483647;
			files = (
				5EE49F0A0B9785C73914BAE8 /* Pods_Todoey.framework in Frameworks */,
			);
			runOnlyForDeploymentPostprocessing = 0;
		};
/* End PBXFrameworksBuildPhase section */

/* Begin PBXGroup section */
		2EC88A174615C374E4491CE3 /* Pods */ = {
			isa = PBXGroup;
			children = (
				224BBCAD8AE16586F01ADF1F /* Pods-Todoey.debug.xcconfig */,
				814133C0FBA9AA2D6B71BF2E /* Pods-Todoey.release.xcconfig */,
			);
			path = Pods;
			sourceTree = "<group>";
		};
		EF96ECB60190BC9416FEF748 /* Frameworks */ = {
			isa = PBXGroup;
			children = (
				17966F1D9233593C649DA56A /* Pods_Todoey.framework */,
			);
			name = Frameworks;
			sourceTree = "<group>";
		};
		FA4E780B22CB1F1400BD3D3B = {
			isa = PBXGroup;
			children = (
				FA4E781622CB1F1400BD3D3B /* Todoey */,
				FA4E781522CB1F1400BD3D3B /* Products */,
				2EC88A174615C374E4491CE3 /* Pods */,
				EF96ECB60190BC9416FEF748 /* Frameworks */,
			);
			sourceTree = "<group>";
		};
		FA4E781522CB1F1400BD3D3B /* Products */ = {
			isa = PBXGroup;
			children = (
				FA4E781422CB1F1400BD3D3B /* Todoey.app */,
			);
			name = Products;
			sourceTree = "<group>";
		};
		FA4E781622CB1F1400BD3D3B /* Todoey */ = {
			isa = PBXGroup;
			children = (
				FA4E782322CB1F1600BD3D3B /* Info.plist */,
				FA4E781722CB1F1400BD3D3B /* AppDelegate.swift */,
				FA4E782B22CEE23F00BD3D3B /* Controller */,
				FA4E782C22CEE28300BD3D3B /* View */,
				FA4E782D22CEE29000BD3D3B /* DataModel */,
				FA4E782E22CEE2B400BD3D3B /* Supporting files */,
			);
			path = Todoey;
			sourceTree = "<group>";
		};
		FA4E782B22CEE23F00BD3D3B /* Controller */ = {
			isa = PBXGroup;
			children = (
				FA4E785522D82AFB00BD3D3B /* CategoryTableViewController.swift */,
				FA4E781922CB1F1400BD3D3B /* ToDoeyTableViewController.swift */,
			);
			path = Controller;
			sourceTree = "<group>";
		};
		FA4E782C22CEE28300BD3D3B /* View */ = {
			isa = PBXGroup;
			children = (
				FA4E781B22CB1F1400BD3D3B /* Main.storyboard */,
			);
			path = View;
			sourceTree = "<group>";
		};
		FA4E782D22CEE29000BD3D3B /* DataModel */ = {
			isa = PBXGroup;
			children = (
				FA4E785922DDAB2900BD3D3B /* Item.swift */,
				FA4E785B22DDAB3B00BD3D3B /* Category.swift */,
			);
			path = DataModel;
			sourceTree = "<group>";
		};
		FA4E782E22CEE2B400BD3D3B /* Supporting files */ = {
			isa = PBXGroup;
			children = (
				FA4E782022CB1F1600BD3D3B /* LaunchScreen.storyboard */,
				FA4E781E22CB1F1600BD3D3B /* Assets.xcassets */,
			);
			path = "Supporting files";
			sourceTree = "<group>";
		};
/* End PBXGroup section */

/* Begin PBXNativeTarget section */
		FA4E781322CB1F1400BD3D3B /* Todoey */ = {
			isa = PBXNativeTarget;
			buildConfigurationList = FA4E782622CB1F1600BD3D3B /* Build configuration list for PBXNativeTarget "Todoey" */;
			buildPhases = (
				4BB07DEE02DCAAEEA464D535 /* [CP] Check Pods Manifest.lock */,
				FA4E781022CB1F1400BD3D3B /* Sources */,
				FA4E781122CB1F1400BD3D3B /* Frameworks */,
				FA4E781222CB1F1400BD3D3B /* Resources */,
				42A525779B5BBE15363AE49D /* [CP] Embed Pods Frameworks */,
			);
			buildRules = (
			);
			dependencies = (
			);
			name = Todoey;
			productName = Todoey;
			productReference = FA4E781422CB1F1400BD3D3B /* Todoey.app */;
			productType = "com.apple.product-type.application";
		};
/* End PBXNativeTarget section */

/* Begin PBXProject section */
		FA4E780C22CB1F1400BD3D3B /* Project object */ = {
			isa = PBXProject;
			attributes = {
				LastSwiftUpdateCheck = 1010;
				LastUpgradeCheck = 1010;
				ORGANIZATIONNAME = "Mac Dev";
				TargetAttributes = {
					FA4E781322CB1F1400BD3D3B = {
						CreatedOnToolsVersion = 10.1;
					};
				};
			};
			buildConfigurationList = FA4E780F22CB1F1400BD3D3B /* Build configuration list for PBXProject "Todoey" */;
			compatibilityVersion = "Xcode 9.3";
			developmentRegion = en;
			hasScannedForEncodings = 0;
			knownRegions = (
				en,
				Base,
			);
			mainGroup = FA4E780B22CB1F1400BD3D3B;
			productRefGroup = FA4E781522CB1F1400BD3D3B /* Products */;
			projectDirPath = "";
			projectRoot = "";
			targets = (
				FA4E781322CB1F1400BD3D3B /* Todoey */,
			);
		};
/* End PBXProject section */

/* Begin PBXResourcesBuildPhase section */
		FA4E781222CB1F1400BD3D3B /* Resources */ = {
			isa = PBXResourcesBuildPhase;
			buildActionMask = 2147483647;
			files = (
				FA4E782222CB1F1600BD3D3B /* LaunchScreen.storyboard in Resources */,
				FA4E781F22CB1F1600BD3D3B /* Assets.xcassets in Resources */,
				FA4E781D22CB1F1400BD3D3B /* Main.storyboard in Resources */,
			);
			runOnlyForDeploymentPostprocessing = 0;
		};
/* End PBXResourcesBuildPhase section */

/* Begin PBXShellScriptBuildPhase section */
		42A525779B5BBE15363AE49D /* [CP] Embed Pods Frameworks */ = {
			isa = PBXShellScriptBuildPhase;
			buildActionMask = 2147483647;
			files = (
			);
			inputFileListPaths = (
			);
			inputPaths = (
				"${PODS_ROOT}/Target Support Files/Pods-Todoey/Pods-Todoey-frameworks.sh",
				"${BUILT_PRODUCTS_DIR}/Realm/Realm.framework",
				"${BUILT_PRODUCTS_DIR}/RealmSwift/RealmSwift.framework",
			);
			name = "[CP] Embed Pods Frameworks";
			outputFileListPaths = (
			);
			outputPaths = (
				"${TARGET_BUILD_DIR}/${FRAMEWORKS_FOLDER_PATH}/Realm.framework",
				"${TARGET_BUILD_DIR}/${FRAMEWORKS_FOLDER_PATH}/RealmSwift.framework",
			);
			runOnlyForDeploymentPostprocessing = 0;
			shellPath = /bin/sh;
			shellScript = "\"${PODS_ROOT}/Target Support Files/Pods-Todoey/Pods-Todoey-frameworks.sh\"\n";
			showEnvVarsInLog = 0;
		};
		4BB07DEE02DCAAEEA464D535 /* [CP] Check Pods Manifest.lock */ = {
			isa = PBXShellScriptBuildPhase;
			buildActionMask = 2147483647;
			files = (
			);
			inputFileListPaths = (
			);
			inputPaths = (
				"${PODS_PODFILE_DIR_PATH}/Podfile.lock",
				"${PODS_ROOT}/Manifest.lock",
			);
			name = "[CP] Check Pods Manifest.lock";
			outputFileListPaths = (
			);
			outputPaths = (
				"$(DERIVED_FILE_DIR)/Pods-Todoey-checkManifestLockResult.txt",
			);
			runOnlyForDeploymentPostprocessing = 0;
			shellPath = /bin/sh;
			shellScript = "diff \"${PODS_PODFILE_DIR_PATH}/Podfile.lock\" \"${PODS_ROOT}/Manifest.lock\" > /dev/null\nif [ $? != 0 ] ; then\n    # print error to STDERR\n    echo \"error: The sandbox is not in sync with the Podfile.lock. Run 'pod install' or update your CocoaPods installation.\" >&2\n    exit 1\nfi\n# This output is used by Xcode 'outputs' to avoid re-running this script phase.\necho \"SUCCESS\" > \"${SCRIPT_OUTPUT_FILE_0}\"\n";
			showEnvVarsInLog = 0;
		};
/* End PBXShellScriptBuildPhase section */

/* Begin PBXSourcesBuildPhase section */
		FA4E781022CB1F1400BD3D3B /* Sources */ = {
			isa = PBXSourcesBuildPhase;
			buildActionMask = 2147483647;
			files = (
				FA4E785A22DDAB2900BD3D3B /* Item.swift in Sources */,
				FA4E781A22CB1F1400BD3D3B /* ToDoeyTableViewController.swift in Sources */,
				FA4E781822CB1F1400BD3D3B /* AppDelegate.swift in Sources */,
				FA4E785622D82AFB00BD3D3B /* CategoryTableViewController.swift in Sources */,
				FA4E785C22DDAB3B00BD3D3B /* Category.swift in Sources */,
			);
			runOnlyForDeploymentPostprocessing = 0;
		};
/* End PBXSourcesBuildPhase section */

/* Begin PBXVariantGroup section */
		FA4E781B22CB1F1400BD3D3B /* Main.storyboard */ = {
			isa = PBXVariantGroup;
			children = (
				FA4E781C22CB1F1400BD3D3B /* Base */,
			);
			name = Main.storyboard;
			sourceTree = "<group>";
		};
		FA4E782022CB1F1600BD3D3B /* LaunchScreen.storyboard */ = {
			isa = PBXVariantGroup;
			children = (
				FA4E782122CB1F1600BD3D3B /* Base */,
			);
			name = LaunchScreen.storyboard;
			sourceTree = "<group>";
		};
/* End PBXVariantGroup section */

/* Begin XCBuildConfiguration section */
		FA4E782422CB1F1600BD3D3B /* Debug */ = {
			isa = XCBuildConfiguration;
			buildSettings = {
				ALWAYS_SEARCH_USER_PATHS = NO;
				CLANG_ANALYZER_NONNULL = YES;
				CLANG_ANALYZER_NUMBER_OBJECT_CONVERSION = YES_AGGRESSIVE;
				CLANG_CXX_LANGUAGE_STANDARD = "gnu++14";
				CLANG_CXX_LIBRARY = "libc++";
				CLANG_ENABLE_MODULES = YES;
				CLANG_ENABLE_OBJC_ARC = YES;
				CLANG_ENABLE_OBJC_WEAK = YES;
				CLANG_WARN_BLOCK_CAPTURE_AUTORELEASING = YES;
				CLANG_WARN_BOOL_CONVERSION = YES;
				CLANG_WARN_COMMA = YES;
				CLANG_WARN_CONSTANT_CONVERSION = YES;
				CLANG_WARN_DEPRECATED_OBJC_IMPLEMENTATIONS = YES;
				CLANG_WARN_DIRECT_OBJC_ISA_USAGE = YES_ERROR;
				CLANG_WARN_DOCUMENTATION_COMMENTS = YES;
				CLANG_WARN_EMPTY_BODY = YES;
				CLANG_WARN_ENUM_CONVERSION = YES;
				CLANG_WARN_INFINITE_RECURSION = YES;
				CLANG_WARN_INT_CONVERSION = YES;
				CLANG_WARN_NON_LITERAL_NULL_CONVERSION = YES;
				CLANG_WARN_OBJC_IMPLICIT_RETAIN_SELF = YES;
				CLANG_WARN_OBJC_LITERAL_CONVERSION = YES;
				CLANG_WARN_OBJC_ROOT_CLASS = YES_ERROR;
				CLANG_WARN_RANGE_LOOP_ANALYSIS = YES;
				CLANG_WARN_STRICT_PROTOTYPES = YES;
				CLANG_WARN_SUSPICIOUS_MOVE = YES;
				CLANG_WARN_UNGUARDED_AVAILABILITY = YES_AGGRESSIVE;
				CLANG_WARN_UNREACHABLE_CODE = YES;
				CLANG_WARN__DUPLICATE_METHOD_MATCH = YES;
				CODE_SIGN_IDENTITY = "iPhone Developer";
				COPY_PHASE_STRIP = NO;
				DEBUG_INFORMATION_FORMAT = dwarf;
				ENABLE_STRICT_OBJC_MSGSEND = YES;
				ENABLE_TESTABILITY = YES;
				GCC_C_LANGUAGE_STANDARD = gnu11;
				GCC_DYNAMIC_NO_PIC = NO;
				GCC_NO_COMMON_BLOCKS = YES;
				GCC_OPTIMIZATION_LEVEL = 0;
				GCC_PREPROCESSOR_DEFINITIONS = (
					"DEBUG=1",
					"$(inherited)",
				);
				GCC_WARN_64_TO_32_BIT_CONVERSION = YES;
				GCC_WARN_ABOUT_RETURN_TYPE = YES_ERROR;
				GCC_WARN_UNDECLARED_SELECTOR = YES;
				GCC_WARN_UNINITIALIZED_AUTOS = YES_AGGRESSIVE;
				GCC_WARN_UNUSED_FUNCTION = YES;
				GCC_WARN_UNUSED_VARIABLE = YES;
				IPHONEOS_DEPLOYMENT_TARGET = 12.1;
				MTL_ENABLE_DEBUG_INFO = INCLUDE_SOURCE;
				MTL_FAST_MATH = YES;
				ONLY_ACTIVE_ARCH = YES;
				SDKROOT = iphoneos;
				SWIFT_ACTIVE_COMPILATION_CONDITIONS = DEBUG;
				SWIFT_OPTIMIZATION_LEVEL = "-Onone";
			};
			name = Debug;
		};
		FA4E782522CB1F1600BD3D3B /* Release */ = {
			isa = XCBuildConfiguration;
			buildSettings = {
				ALWAYS_SEARCH_USER_PATHS = NO;
				CLANG_ANALYZER_NONNULL = YES;
				CLANG_ANALYZER_NUMBER_OBJECT_CONVERSION = YES_AGGRESSIVE;
				CLANG_CXX_LANGUAGE_STANDARD = "gnu++14";
				CLANG_CXX_LIBRARY = "libc++";
				CLANG_ENABLE_MODULES = YES;
				CLANG_ENABLE_OBJC_ARC = YES;
				CLANG_ENABLE_OBJC_WEAK = YES;
				CLANG_WARN_BLOCK_CAPTURE_AUTORELEASING = YES;
				CLANG_WARN_BOOL_CONVERSION = YES;
				CLANG_WARN_COMMA = YES;
				CLANG_WARN_CONSTANT_CONVERSION = YES;
				CLANG_WARN_DEPRECATED_OBJC_IMPLEMENTATIONS = YES;
				CLANG_WARN_DIRECT_OBJC_ISA_USAGE = YES_ERROR;
				CLANG_WARN_DOCUMENTATION_COMMENTS = YES;
				CLANG_WARN_EMPTY_BODY = YES;
				CLANG_WARN_ENUM_CONVERSION = YES;
				CLANG_WARN_INFINITE_RECURSION = YES;
				CLANG_WARN_INT_CONVERSION = YES;
				CLANG_WARN_NON_LITERAL_NULL_CONVERSION = YES;
				CLANG_WARN_OBJC_IMPLICIT_RETAIN_SELF = YES;
				CLANG_WARN_OBJC_LITERAL_CONVERSION = YES;
				CLANG_WARN_OBJC_ROOT_CLASS = YES_ERROR;
				CLANG_WARN_RANGE_LOOP_ANALYSIS = YES;
				CLANG_WARN_STRICT_PROTOTYPES = YES;
				CLANG_WARN_SUSPICIOUS_MOVE = YES;
				CLANG_WARN_UNGUARDED_AVAILABILITY = YES_AGGRESSIVE;
				CLANG_WARN_UNREACHABLE_CODE = YES;
				CLANG_WARN__DUPLICATE_METHOD_MATCH = YES;
				CODE_SIGN_IDENTITY = "iPhone Developer";
				COPY_PHASE_STRIP = NO;
				DEBUG_INFORMATION_FORMAT = "dwarf-with-dsym";
				ENABLE_NS_ASSERTIONS = NO;
				ENABLE_STRICT_OBJC_MSGSEND = YES;
				GCC_C_LANGUAGE_STANDARD = gnu11;
				GCC_NO_COMMON_BLOCKS = YES;
				GCC_WARN_64_TO_32_BIT_CONVERSION = YES;
				GCC_WARN_ABOUT_RETURN_TYPE = YES_ERROR;
				GCC_WARN_UNDECLARED_SELECTOR = YES;
				GCC_WARN_UNINITIALIZED_AUTOS = YES_AGGRESSIVE;
				GCC_WARN_UNUSED_FUNCTION = YES;
				GCC_WARN_UNUSED_VARIABLE = YES;
				IPHONEOS_DEPLOYMENT_TARGET = 12.1;
				MTL_ENABLE_DEBUG_INFO = NO;
				MTL_FAST_MATH = YES;
				SDKROOT = iphoneos;
				SWIFT_COMPILATION_MODE = wholemodule;
				SWIFT_OPTIMIZATION_LEVEL = "-O";
				VALIDATE_PRODUCT = YES;
			};
			name = Release;
		};
		FA4E782722CB1F1600BD3D3B /* Debug */ = {
			isa = XCBuildConfiguration;
			baseConfigurationReference = 224BBCAD8AE16586F01ADF1F /* Pods-Todoey.debug.xcconfig */;
			buildSettings = {
				ASSETCATALOG_COMPILER_APPICON_NAME = AppIcon;
				CODE_SIGN_STYLE = Automatic;
				DEVELOPMENT_TEAM = MZ7G3KX57G;
				INFOPLIST_FILE = Todoey/Info.plist;
				LD_RUNPATH_SEARCH_PATHS = (
					"$(inherited)",
					"@executable_path/Frameworks",
				);
				PRODUCT_BUNDLE_IDENTIFIER = com.macDev.Todoey;
				PRODUCT_NAME = "$(TARGET_NAME)";
				SWIFT_VERSION = 4.2;
				TARGETED_DEVICE_FAMILY = "1,2";
			};
			name = Debug;
		};
		FA4E782822CB1F1600BD3D3B /* Release */ = {
			isa = XCBuildConfiguration;
			baseConfigurationReference = 814133C0FBA9AA2D6B71BF2E /* Pods-Todoey.release.xcconfig */;
			buildSettings = {
				ASSETCATALOG_COMPILER_APPICON_NAME = AppIcon;
				CODE_SIGN_STYLE = Automatic;
				DEVELOPMENT_TEAM = MZ7G3KX57G;
				INFOPLIST_FILE = Todoey/Info.plist;
				LD_RUNPATH_SEARCH_PATHS = (
					"$(inherited)",
					"@executable_path/Frameworks",
				);
				PRODUCT_BUNDLE_IDENTIFIER = com.macDev.Todoey;
				PRODUCT_NAME = "$(TARGET_NAME)";
				SWIFT_VERSION = 4.2;
				TARGETED_DEVICE_FAMILY = "1,2";
			};
			name = Release;
		};
/* End XCBuildConfiguration section */

/* Begin XCConfigurationList section */
		FA4E780F22CB1F1400BD3D3B /* Build configuration list for PBXProject "Todoey" */ = {
			isa = XCConfigurationList;
			buildConfigurations = (
				FA4E782422CB1F1600BD3D3B /* Debug */,
				FA4E782522CB1F1600BD3D3B /* Release */,
			);
			defaultConfigurationIsVisible = 0;
			defaultConfigurationName = Release;
		};
		FA4E782622CB1F1600BD3D3B /* Build configuration list for PBXNativeTarget "Todoey" */ = {
			isa = XCConfigurationList;
			buildConfigurations = (
				FA4E782722CB1F1600BD3D3B /* Debug */,
				FA4E782822CB1F1600BD3D3B /* Release */,
			);
			defaultConfigurationIsVisible = 0;
			defaultConfigurationName = Release;
		};
/* End XCConfigurationList section */
	};
	rootObject = FA4E780C22CB1F1400BD3D3B /* Project object */;
}
